
Microsoft Visual Studio Solution File, Format Version 12.00
# Visual Studio 15
VisualStudioVersion = 15.0.26730.10
MinimumVisualStudioVersion = 10.0.40219.1

Project("{D954291E-2A0B-460D-934E-DC6B0785DB48}") = "QuickFlicks.XForms", "QuickFlicks.XForms\QuickFlicks.XForms\QuickFlicks.XForms.shproj", "{FC2A9289-997E-4AEF-A661-14D41D97E706}"
EndProject


Project("{FAE04EC0-301F-11D3-BF4B-00C04F79EFBC}") = "QuickFlicks.XForms.iOS", "QuickFlicks.XForms\QuickFlicks.XForms.iOS\QuickFlicks.XForms.iOS.csproj", "{94857D08-EF16-4A9E-8214-DD24CC5A90CE}"
EndProject


Project("{FAE04EC0-301F-11D3-BF4B-00C04F79EFBC}") = "QuickFlicks.XForms.Android", "QuickFlicks.XForms\QuickFlicks.XForms.Android\QuickFlicks.XForms.Android.csproj", "{830E67F3-C9F0-4BD0-A00D-F9BE02C307EF}"
EndProject

Project("{FAE04EC0-301F-11D3-BF4B-00C04F79EFBC}") = "QuickFlicks.XForms.UWP", "QuickFlicks.XForms\QuickFlicks.XForms.UWP\QuickFlicks.XForms.UWP.csproj", "{02D33991-4B87-4B2C-B786-E81600E36EA1}"
EndProject

Global
	GlobalSection(SolutionConfigurationPlatforms) = preSolution
		Ad-Hoc|Any CPU = Ad-Hoc|Any CPU
		Ad-Hoc|ARM = Ad-Hoc|ARM
		Ad-Hoc|iPhone = Ad-Hoc|iPhone
		Ad-Hoc|iPhoneSimulator = Ad-Hoc|iPhoneSimulator
		Ad-Hoc|x64 = Ad-Hoc|x64
		Ad-Hoc|x86 = Ad-Hoc|x86
		AppStore|Any CPU = AppStore|Any CPU
		AppStore|ARM = AppStore|ARM
		AppStore|iPhone = AppStore|iPhone
		AppStore|iPhoneSimulator = AppStore|iPhoneSimulator
		AppStore|x64 = AppStore|x64
		AppStore|x86 = AppStore|x86
		Debug|Any CPU = Debug|Any CPU
		Debug|ARM = Debug|ARM
		Debug|iPhone = Debug|iPhone
		Debug|iPhoneSimulator = Debug|iPhoneSimulator
		Debug|x64 = Debug|x64
		Debug|x86 = Debug|x86
		Release|Any CPU = Release|Any CPU
		Release|ARM = Release|ARM
		Release|iPhone = Release|iPhone
		Release|iPhoneSimulator = Release|iPhoneSimulator
		Release|x64 = Release|x64
		Release|x86 = Release|x86
	EndGlobalSection
	GlobalSection(ProjectConfigurationPlatforms) = postSolution
		{499D5008-46B8-41F6-9FDF-630B17EB7846}.Ad-Hoc|Any CPU.ActiveCfg = Debug|Any CPU
		{499D5008-46B8-41F6-9FDF-630B17EB7846}.Ad-Hoc|Any CPU.Build.0 = Debug|Any CPU
		{499D5008-46B8-41F6-9FDF-630B17EB7846}.Ad-Hoc|ARM.ActiveCfg = Debug|Any CPU
		{499D5008-46B8-41F6-9FDF-630B17EB7846}.Ad-Hoc|ARM.Build.0 = Debug|Any CPU
		{499D5008-46B8-41F6-9FDF-630B17EB7846}.Ad-Hoc|iPhone.ActiveCfg = Debug|Any CPU
		{499D5008-46B8-41F6-9FDF-630B17EB7846}.Ad-Hoc|iPhone.Build.0 = Debug|Any CPU
		{499D5008-46B8-41F6-9FDF-630B17EB7846}.Ad-Hoc|iPhoneSimulator.ActiveCfg = Debug|Any CPU
		{499D5008-46B8-41F6-9FDF-630B17EB7846}.Ad-Hoc|iPhoneSimulator.Build.0 = Debug|Any CPU
		{499D5008-46B8-41F6-9FDF-630B17EB7846}.Ad-Hoc|x64.ActiveCfg = Debug|Any CPU
		{499D5008-46B8-41F6-9FDF-630B17EB7846}.Ad-Hoc|x64.Build.0 = Debug|Any CPU
		{499D5008-46B8-41F6-9FDF-630B17EB7846}.Ad-Hoc|x86.ActiveCfg = Debug|Any CPU
		{499D5008-46B8-41F6-9FDF-630B17EB7846}.Ad-Hoc|x86.Build.0 = Debug|Any CPU
		{499D5008-46B8-41F6-9FDF-630B17EB7846}.AppStore|Any CPU.ActiveCfg = Debug|Any CPU
		{499D5008-46B8-41F6-9FDF-630B17EB7846}.AppStore|Any CPU.Build.0 = Debug|Any CPU
		{499D5008-46B8-41F6-9FDF-630B17EB7846}.AppStore|ARM.ActiveCfg = Debug|Any CPU
		{499D5008-46B8-41F6-9FDF-630B17EB7846}.AppStore|ARM.Build.0 = Debug|Any CPU
		{499D5008-46B8-41F6-9FDF-630B17EB7846}.AppStore|iPhone.ActiveCfg = Debug|Any CPU
		{499D5008-46B8-41F6-9FDF-630B17EB7846}.AppStore|iPhone.Build.0 = Debug|Any CPU
		{499D5008-46B8-41F6-9FDF-630B17EB7846}.AppStore|iPhoneSimulator.ActiveCfg = Debug|Any CPU
		{499D5008-46B8-41F6-9FDF-630B17EB7846}.AppStore|iPhoneSimulator.Build.0 = Debug|Any CPU
		{499D5008-46B8-41F6-9FDF-630B17EB7846}.AppStore|x64.ActiveCfg = Debug|Any CPU
		{499D5008-46B8-41F6-9FDF-630B17EB7846}.AppStore|x64.Build.0 = Debug|Any CPU
		{499D5008-46B8-41F6-9FDF-630B17EB7846}.AppStore|x86.ActiveCfg = Debug|Any CPU
		{499D5008-46B8-41F6-9FDF-630B17EB7846}.AppStore|x86.Build.0 = Debug|Any CPU
		{499D5008-46B8-41F6-9FDF-630B17EB7846}.Debug|Any CPU.ActiveCfg = Debug|Any CPU
		{499D5008-46B8-41F6-9FDF-630B17EB7846}.Debug|Any CPU.Build.0 = Debug|Any CPU
		{499D5008-46B8-41F6-9FDF-630B17EB7846}.Debug|ARM.ActiveCfg = Debug|Any CPU
		{499D5008-46B8-41F6-9FDF-630B17EB7846}.Debug|ARM.Build.0 = Debug|Any CPU
		{499D5008-46B8-41F6-9FDF-630B17EB7846}.Debug|iPhone.ActiveCfg = Debug|Any CPU
		{499D5008-46B8-41F6-9FDF-630B17EB7846}.Debug|iPhone.Build.0 = Debug|Any CPU
		{499D5008-46B8-41F6-9FDF-630B17EB7846}.Debug|iPhoneSimulator.ActiveCfg = Debug|Any CPU
		{499D5008-46B8-41F6-9FDF-630B17EB7846}.Debug|iPhoneSimulator.Build.0 = Debug|Any CPU
		{499D5008-46B8-41F6-9FDF-630B17EB7846}.Debug|x64.ActiveCfg = Debug|Any CPU
		{499D5008-46B8-41F6-9FDF-630B17EB7846}.Debug|x64.Build.0 = Debug|Any CPU
		{499D5008-46B8-41F6-9FDF-630B17EB7846}.Debug|x86.ActiveCfg = Debug|Any CPU
		{499D5008-46B8-41F6-9FDF-630B17EB7846}.Debug|x86.Build.0 = Debug|Any CPU
		{499D5008-46B8-41F6-9FDF-630B17EB7846}.Release|Any CPU.ActiveCfg = Release|Any CPU
		{499D5008-46B8-41F6-9FDF-630B17EB7846}.Release|Any CPU.Build.0 = Release|Any CPU
		{499D5008-46B8-41F6-9FDF-630B17EB7846}.Release|ARM.ActiveCfg = Release|Any CPU
		{499D5008-46B8-41F6-9FDF-630B17EB7846}.Release|ARM.Build.0 = Release|Any CPU
		{499D5008-46B8-41F6-9FDF-630B17EB7846}.Release|iPhone.ActiveCfg = Release|Any CPU
		{499D5008-46B8-41F6-9FDF-630B17EB7846}.Release|iPhone.Build.0 = Release|Any CPU
		{499D5008-46B8-41F6-9FDF-630B17EB7846}.Release|iPhoneSimulator.ActiveCfg = Release|Any CPU
		{499D5008-46B8-41F6-9FDF-630B17EB7846}.Release|iPhoneSimulator.Build.0 = Release|Any CPU
		{499D5008-46B8-41F6-9FDF-630B17EB7846}.Release|x64.ActiveCfg = Release|Any CPU
		{499D5008-46B8-41F6-9FDF-630B17EB7846}.Release|x64.Build.0 = Release|Any CPU
		{499D5008-46B8-41F6-9FDF-630B17EB7846}.Release|x86.ActiveCfg = Release|Any CPU
		{499D5008-46B8-41F6-9FDF-630B17EB7846}.Release|x86.Build.0 = Release|Any CPU
		{94857D08-EF16-4A9E-8214-DD24CC5A90CE}.Ad-Hoc|Any CPU.ActiveCfg = Ad-Hoc|iPhone
		{94857D08-EF16-4A9E-8214-DD24CC5A90CE}.Ad-Hoc|ARM.ActiveCfg = Ad-Hoc|iPhone
		{94857D08-EF16-4A9E-8214-DD24CC5A90CE}.Ad-Hoc|iPhone.ActiveCfg = Ad-Hoc|iPhone
		{94857D08-EF16-4A9E-8214-DD24CC5A90CE}.Ad-Hoc|iPhone.Build.0 = Ad-Hoc|iPhone
		{94857D08-EF16-4A9E-8214-DD24CC5A90CE}.Ad-Hoc|iPhoneSimulator.ActiveCfg = Ad-Hoc|iPhoneSimulator
		{94857D08-EF16-4A9E-8214-DD24CC5A90CE}.Ad-Hoc|iPhoneSimulator.Build.0 = Ad-Hoc|iPhoneSimulator
		{94857D08-EF16-4A9E-8214-DD24CC5A90CE}.Ad-Hoc|x64.ActiveCfg = Ad-Hoc|iPhone
		{94857D08-EF16-4A9E-8214-DD24CC5A90CE}.Ad-Hoc|x86.ActiveCfg = Ad-Hoc|iPhone
		{94857D08-EF16-4A9E-8214-DD24CC5A90CE}.AppStore|Any CPU.ActiveCfg = AppStore|iPhone
		{94857D08-EF16-4A9E-8214-DD24CC5A90CE}.AppStore|ARM.ActiveCfg = AppStore|iPhone
		{94857D08-EF16-4A9E-8214-DD24CC5A90CE}.AppStore|iPhone.ActiveCfg = AppStore|iPhone
		{94857D08-EF16-4A9E-8214-DD24CC5A90CE}.AppStore|iPhone.Build.0 = AppStore|iPhone
		{94857D08-EF16-4A9E-8214-DD24CC5A90CE}.AppStore|iPhoneSimulator.ActiveCfg = AppStore|iPhoneSimulator
		{94857D08-EF16-4A9E-8214-DD24CC5A90CE}.AppStore|iPhoneSimulator.Build.0 = AppStore|iPhoneSimulator
		{94857D08-EF16-4A9E-8214-DD24CC5A90CE}.AppStore|x64.ActiveCfg = AppStore|iPhone
		{94857D08-EF16-4A9E-8214-DD24CC5A90CE}.AppStore|x86.ActiveCfg = AppStore|iPhone
		{94857D08-EF16-4A9E-8214-DD24CC5A90CE}.Debug|Any CPU.ActiveCfg = Debug|iPhone
		{94857D08-EF16-4A9E-8214-DD24CC5A90CE}.Debug|ARM.ActiveCfg = Debug|iPhone
		{94857D08-EF16-4A9E-8214-DD24CC5A90CE}.Debug|iPhone.ActiveCfg = Debug|iPhone
		{94857D08-EF16-4A9E-8214-DD24CC5A90CE}.Debug|iPhone.Build.0 = Debug|iPhone
		{94857D08-EF16-4A9E-8214-DD24CC5A90CE}.Debug|iPhoneSimulator.ActiveCfg = Debug|iPhoneSimulator
		{94857D08-EF16-4A9E-8214-DD24CC5A90CE}.Debug|iPhoneSimulator.Build.0 = Debug|iPhoneSimulator
		{94857D08-EF16-4A9E-8214-DD24CC5A90CE}.Debug|x64.ActiveCfg = Debug|iPhone
		{94857D08-EF16-4A9E-8214-DD24CC5A90CE}.Debug|x86.ActiveCfg = Debug|iPhone
		{94857D08-EF16-4A9E-8214-DD24CC5A90CE}.Release|Any CPU.ActiveCfg = Release|iPhone
		{94857D08-EF16-4A9E-8214-DD24CC5A90CE}.Release|ARM.ActiveCfg = Release|iPhone
		{94857D08-EF16-4A9E-8214-DD24CC5A90CE}.Release|iPhone.ActiveCfg = Release|iPhone
		{94857D08-EF16-4A9E-8214-DD24CC5A90CE}.Release|iPhone.Build.0 = Release|iPhone
		{94857D08-EF16-4A9E-8214-DD24CC5A90CE}.Release|iPhoneSimulator.ActiveCfg = Release|iPhoneSimulator
		{94857D08-EF16-4A9E-8214-DD24CC5A90CE}.Release|iPhoneSimulator.Build.0 = Release|iPhoneSimulator
		{94857D08-EF16-4A9E-8214-DD24CC5A90CE}.Release|x64.ActiveCfg = Release|iPhone
		{94857D08-EF16-4A9E-8214-DD24CC5A90CE}.Release|x86.ActiveCfg = Release|iPhone
		{02D33991-4B87-4B2C-B786-E81600E36EA1}.Ad-Hoc|Any CPU.ActiveCfg = Release|x86
		{02D33991-4B87-4B2C-B786-E81600E36EA1}.Ad-Hoc|Any CPU.Build.0 = Release|x86
		{02D33991-4B87-4B2C-B786-E81600E36EA1}.Ad-Hoc|Any CPU.Deploy.0 = Release|x86
		{02D33991-4B87-4B2C-B786-E81600E36EA1}.Ad-Hoc|ARM.ActiveCfg = Release|ARM
		{02D33991-4B87-4B2C-B786-E81600E36EA1}.Ad-Hoc|ARM.Build.0 = Release|ARM
		{02D33991-4B87-4B2C-B786-E81600E36EA1}.Ad-Hoc|ARM.Deploy.0 = Release|ARM
		{02D33991-4B87-4B2C-B786-E81600E36EA1}.Ad-Hoc|iPhone.ActiveCfg = Release|x86
		{02D33991-4B87-4B2C-B786-E81600E36EA1}.Ad-Hoc|iPhone.Build.0 = Release|x86
		{02D33991-4B87-4B2C-B786-E81600E36EA1}.Ad-Hoc|iPhone.Deploy.0 = Release|x86
		{02D33991-4B87-4B2C-B786-E81600E36EA1}.Ad-Hoc|iPhoneSimulator.ActiveCfg = Release|x86
		{02D33991-4B87-4B2C-B786-E81600E36EA1}.Ad-Hoc|iPhoneSimulator.Build.0 = Release|x86
		{02D33991-4B87-4B2C-B786-E81600E36EA1}.Ad-Hoc|iPhoneSimulator.Deploy.0 = Release|x86
		{02D33991-4B87-4B2C-B786-E81600E36EA1}.Ad-Hoc|x64.ActiveCfg = Release|x64
		{02D33991-4B87-4B2C-B786-E81600E36EA1}.Ad-Hoc|x64.Build.0 = Release|x64
		{02D33991-4B87-4B2C-B786-E81600E36EA1}.Ad-Hoc|x64.Deploy.0 = Release|x64
		{02D33991-4B87-4B2C-B786-E81600E36EA1}.Ad-Hoc|x86.ActiveCfg = Release|x86
		{02D33991-4B87-4B2C-B786-E81600E36EA1}.Ad-Hoc|x86.Build.0 = Release|x86
		{02D33991-4B87-4B2C-B786-E81600E36EA1}.Ad-Hoc|x86.Deploy.0 = Release|x86
		{02D33991-4B87-4B2C-B786-E81600E36EA1}.AppStore|Any CPU.ActiveCfg = Release|x86
		{02D33991-4B87-4B2C-B786-E81600E36EA1}.AppStore|Any CPU.Build.0 = Release|x86
		{02D33991-4B87-4B2C-B786-E81600E36EA1}.AppStore|Any CPU.Deploy.0 = Release|x86
		{02D33991-4B87-4B2C-B786-E81600E36EA1}.AppStore|ARM.ActiveCfg = Release|ARM
		{02D33991-4B87-4B2C-B786-E81600E36EA1}.AppStore|ARM.Build.0 = Release|ARM
		{02D33991-4B87-4B2C-B786-E81600E36EA1}.AppStore|ARM.Deploy.0 = Release|ARM
		{02D33991-4B87-4B2C-B786-E81600E36EA1}.AppStore|iPhone.ActiveCfg = Release|x86
		{02D33991-4B87-4B2C-B786-E81600E36EA1}.AppStore|iPhone.Build.0 = Release|x86
		{02D33991-4B87-4B2C-B786-E81600E36EA1}.AppStore|iPhone.Deploy.0 = Release|x86
		{02D33991-4B87-4B2C-B786-E81600E36EA1}.AppStore|iPhoneSimulator.ActiveCfg = Release|x86
		{02D33991-4B87-4B2C-B786-E81600E36EA1}.AppStore|iPhoneSimulator.Build.0 = Release|x86
		{02D33991-4B87-4B2C-B786-E81600E36EA1}.AppStore|iPhoneSimulator.Deploy.0 = Release|x86
		{02D33991-4B87-4B2C-B786-E81600E36EA1}.AppStore|x64.ActiveCfg = Release|x64
		{02D33991-4B87-4B2C-B786-E81600E36EA1}.AppStore|x64.Build.0 = Release|x64
		{02D33991-4B87-4B2C-B786-E81600E36EA1}.AppStore|x64.Deploy.0 = Release|x64
		{02D33991-4B87-4B2C-B786-E81600E36EA1}.AppStore|x86.ActiveCfg = Release|x86
		{02D33991-4B87-4B2C-B786-E81600E36EA1}.AppStore|x86.Build.0 = Release|x86
		{02D33991-4B87-4B2C-B786-E81600E36EA1}.AppStore|x86.Deploy.0 = Release|x86
		{02D33991-4B87-4B2C-B786-E81600E36EA1}.Debug|Any CPU.ActiveCfg = Debug|x86
		{02D33991-4B87-4B2C-B786-E81600E36EA1}.Debug|ARM.ActiveCfg = Debug|ARM
		{02D33991-4B87-4B2C-B786-E81600E36EA1}.Debug|ARM.Build.0 = Debug|ARM
		{02D33991-4B87-4B2C-B786-E81600E36EA1}.Debug|ARM.Deploy.0 = Debug|ARM
		{02D33991-4B87-4B2C-B786-E81600E36EA1}.Debug|iPhone.ActiveCfg = Debug|x86
		{02D33991-4B87-4B2C-B786-E81600E36EA1}.Debug|iPhoneSimulator.ActiveCfg = Debug|x86
		{02D33991-4B87-4B2C-B786-E81600E36EA1}.Debug|x64.ActiveCfg = Debug|x64
		{02D33991-4B87-4B2C-B786-E81600E36EA1}.Debug|x64.Build.0 = Debug|x64
		{02D33991-4B87-4B2C-B786-E81600E36EA1}.Debug|x64.Deploy.0 = Debug|x64
		{02D33991-4B87-4B2C-B786-E81600E36EA1}.Debug|x86.ActiveCfg = Debug|x86
		{02D33991-4B87-4B2C-B786-E81600E36EA1}.Debug|x86.Build.0 = Debug|x86
		{02D33991-4B87-4B2C-B786-E81600E36EA1}.Debug|x86.Deploy.0 = Debug|x86
		{02D33991-4B87-4B2C-B786-E81600E36EA1}.Release|Any CPU.ActiveCfg = Release|x86
		{02D33991-4B87-4B2C-B786-E81600E36EA1}.Release|ARM.ActiveCfg = Release|ARM
		{02D33991-4B87-4B2C-B786-E81600E36EA1}.Release|ARM.Build.0 = Release|ARM
		{02D33991-4B87-4B2C-B786-E81600E36EA1}.Release|ARM.Deploy.0 = Release|ARM
		{02D33991-4B87-4B2C-B786-E81600E36EA1}.Release|iPhone.ActiveCfg = Release|x86
		{02D33991-4B87-4B2C-B786-E81600E36EA1}.Release|iPhoneSimulator.ActiveCfg = Release|x86
		{02D33991-4B87-4B2C-B786-E81600E36EA1}.Release|x64.ActiveCfg = Release|x64
		{02D33991-4B87-4B2C-B786-E81600E36EA1}.Release|x64.Build.0 = Release|x64
		{02D33991-4B87-4B2C-B786-E81600E36EA1}.Release|x64.Deploy.0 = Release|x64
		{02D33991-4B87-4B2C-B786-E81600E36EA1}.Release|x86.ActiveCfg = Release|x86
		{02D33991-4B87-4B2C-B786-E81600E36EA1}.Release|x86.Build.0 = Release|x86
		{02D33991-4B87-4B2C-B786-E81600E36EA1}.Release|x86.Deploy.0 = Release|x86
		{20FDA6ED-B68E-4610-807B-F358668F181E}.Ad-Hoc|Any CPU.ActiveCfg = Release|Any CPU
		{20FDA6ED-B68E-4610-807B-F358668F181E}.Ad-Hoc|Any CPU.Build.0 = Release|Any CPU
		{20FDA6ED-B68E-4610-807B-F358668F181E}.Ad-Hoc|Any CPU.Deploy.0 = Release|Any CPU
		{20FDA6ED-B68E-4610-807B-F358668F181E}.Ad-Hoc|ARM.ActiveCfg = Release|Any CPU
		{20FDA6ED-B68E-4610-807B-F358668F181E}.Ad-Hoc|ARM.Build.0 = Release|Any CPU
		{20FDA6ED-B68E-4610-807B-F358668F181E}.Ad-Hoc|ARM.Deploy.0 = Release|Any CPU
		{20FDA6ED-B68E-4610-807B-F358668F181E}.Ad-Hoc|iPhone.ActiveCfg = Release|Any CPU
		{20FDA6ED-B68E-4610-807B-F358668F181E}.Ad-Hoc|iPhone.Build.0 = Release|Any CPU
		{20FDA6ED-B68E-4610-807B-F358668F181E}.Ad-Hoc|iPhone.Deploy.0 = Release|Any CPU
		{20FDA6ED-B68E-4610-807B-F358668F181E}.Ad-Hoc|iPhoneSimulator.ActiveCfg = Release|Any CPU
		{20FDA6ED-B68E-4610-807B-F358668F181E}.Ad-Hoc|iPhoneSimulator.Build.0 = Release|Any CPU
		{20FDA6ED-B68E-4610-807B-F358668F181E}.Ad-Hoc|iPhoneSimulator.Deploy.0 = Release|Any CPU
		{20FDA6ED-B68E-4610-807B-F358668F181E}.Ad-Hoc|x64.ActiveCfg = Release|Any CPU
		{20FDA6ED-B68E-4610-807B-F358668F181E}.Ad-Hoc|x64.Build.0 = Release|Any CPU
		{20FDA6ED-B68E-4610-807B-F358668F181E}.Ad-Hoc|x64.Deploy.0 = Release|Any CPU
		{20FDA6ED-B68E-4610-807B-F358668F181E}.Ad-Hoc|x86.ActiveCfg = Release|Any CPU
		{20FDA6ED-B68E-4610-807B-F358668F181E}.Ad-Hoc|x86.Build.0 = Release|Any CPU
		{20FDA6ED-B68E-4610-807B-F358668F181E}.Ad-Hoc|x86.Deploy.0 = Release|Any CPU
		{20FDA6ED-B68E-4610-807B-F358668F181E}.AppStore|Any CPU.ActiveCfg = Release|Any CPU
		{20FDA6ED-B68E-4610-807B-F358668F181E}.AppStore|Any CPU.Build.0 = Release|Any CPU
		{20FDA6ED-B68E-4610-807B-F358668F181E}.AppStore|Any CPU.Deploy.0 = Release|Any CPU
		{20FDA6ED-B68E-4610-807B-F358668F181E}.AppStore|ARM.ActiveCfg = Release|Any CPU
		{20FDA6ED-B68E-4610-807B-F358668F181E}.AppStore|ARM.Build.0 = Release|Any CPU
		{20FDA6ED-B68E-4610-807B-F358668F181E}.AppStore|ARM.Deploy.0 = Release|Any CPU
		{20FDA6ED-B68E-4610-807B-F358668F181E}.AppStore|iPhone.ActiveCfg = Release|Any CPU
		{20FDA6ED-B68E-4610-807B-F358668F181E}.AppStore|iPhone.Build.0 = Release|Any CPU
		{20FDA6ED-B68E-4610-807B-F358668F181E}.AppStore|iPhone.Deploy.0 = Release|Any CPU
		{20FDA6ED-B68E-4610-807B-F358668F181E}.AppStore|iPhoneSimulator.ActiveCfg = Release|Any CPU
		{20FDA6ED-B68E-4610-807B-F358668F181E}.AppStore|iPhoneSimulator.Build.0 = Release|Any CPU
		{20FDA6ED-B68E-4610-807B-F358668F181E}.AppStore|iPhoneSimulator.Deploy.0 = Release|Any CPU
		{20FDA6ED-B68E-4610-807B-F358668F181E}.AppStore|x64.ActiveCfg = Release|Any CPU
		{20FDA6ED-B68E-4610-807B-F358668F181E}.AppStore|x64.Build.0 = Release|Any CPU
		{20FDA6ED-B68E-4610-807B-F358668F181E}.AppStore|x64.Deploy.0 = Release|Any CPU
		{20FDA6ED-B68E-4610-807B-F358668F181E}.AppStore|x86.ActiveCfg = Release|Any CPU
		{20FDA6ED-B68E-4610-807B-F358668F181E}.AppStore|x86.Build.0 = Release|Any CPU
		{20FDA6ED-B68E-4610-807B-F358668F181E}.AppStore|x86.Deploy.0 = Release|Any CPU
		{20FDA6ED-B68E-4610-807B-F358668F181E}.Debug|Any CPU.ActiveCfg = Debug|Any CPU
		{20FDA6ED-B68E-4610-807B-F358668F181E}.Debug|Any CPU.Build.0 = Debug|Any CPU
		{20FDA6ED-B68E-4610-807B-F358668F181E}.Debug|Any CPU.Deploy.0 = Debug|Any CPU
		{20FDA6ED-B68E-4610-807B-F358668F181E}.Debug|ARM.ActiveCfg = Debug|Any CPU
		{20FDA6ED-B68E-4610-807B-F358668F181E}.Debug|ARM.Build.0 = Debug|Any CPU
		{20FDA6ED-B68E-4610-807B-F358668F181E}.Debug|ARM.Deploy.0 = Debug|Any CPU
		{20FDA6ED-B68E-4610-807B-F358668F181E}.Debug|iPhone.ActiveCfg = Debug|Any CPU
		{20FDA6ED-B68E-4610-807B-F358668F181E}.Debug|iPhone.Build.0 = Debug|Any CPU
		{20FDA6ED-B68E-4610-807B-F358668F181E}.Debug|iPhone.Deploy.0 = Debug|Any CPU
		{20FDA6ED-B68E-4610-807B-F358668F181E}.Debug|iPhoneSimulator.ActiveCfg = Debug|Any CPU
		{20FDA6ED-B68E-4610-807B-F358668F181E}.Debug|iPhoneSimulator.Build.0 = Debug|Any CPU
		{20FDA6ED-B68E-4610-807B-F358668F181E}.Debug|iPhoneSimulator.Deploy.0 = Debug|Any CPU
		{20FDA6ED-B68E-4610-807B-F358668F181E}.Debug|x64.ActiveCfg = Debug|Any CPU
		{20FDA6ED-B68E-4610-807B-F358668F181E}.Debug|x64.Build.0 = Debug|Any CPU
		{20FDA6ED-B68E-4610-807B-F358668F181E}.Debug|x64.Deploy.0 = Debug|Any CPU
		{20FDA6ED-B68E-4610-807B-F358668F181E}.Debug|x86.ActiveCfg = Debug|Any CPU
		{20FDA6ED-B68E-4610-807B-F358668F181E}.Debug|x86.Build.0 = Debug|Any CPU
		{20FDA6ED-B68E-4610-807B-F358668F181E}.Debug|x86.Deploy.0 = Debug|Any CPU
		{20FDA6ED-B68E-4610-807B-F358668F181E}.Release|Any CPU.ActiveCfg = Release|Any CPU
		{20FDA6ED-B68E-4610-807B-F358668F181E}.Release|Any CPU.Build.0 = Release|Any CPU
		{20FDA6ED-B68E-4610-807B-F358668F181E}.Release|Any CPU.Deploy.0 = Release|Any CPU
		{20FDA6ED-B68E-4610-807B-F358668F181E}.Release|ARM.ActiveCfg = Release|Any CPU
		{20FDA6ED-B68E-4610-807B-F358668F181E}.Release|ARM.Build.0 = Release|Any CPU
		{20FDA6ED-B68E-4610-807B-F358668F181E}.Release|ARM.Deploy.0 = Release|Any CPU
		{20FDA6ED-B68E-4610-807B-F358668F181E}.Release|iPhone.ActiveCfg = Release|Any CPU
		{20FDA6ED-B68E-4610-807B-F358668F181E}.Release|iPhone.Build.0 = Release|Any CPU
		{20FDA6ED-B68E-4610-807B-F358668F181E}.Release|iPhone.Deploy.0 = Release|Any CPU
		{20FDA6ED-B68E-4610-807B-F358668F181E}.Release|iPhoneSimulator.ActiveCfg = Release|Any CPU
		{20FDA6ED-B68E-4610-807B-F358668F181E}.Release|iPhoneSimulator.Build.0 = Release|Any CPU
		{20FDA6ED-B68E-4610-807B-F358668F181E}.Release|iPhoneSimulator.Deploy.0 = Release|Any CPU
		{20FDA6ED-B68E-4610-807B-F358668F181E}.Release|x64.ActiveCfg = Release|Any CPU
		{20FDA6ED-B68E-4610-807B-F358668F181E}.Release|x64.Build.0 = Release|Any CPU
		{20FDA6ED-B68E-4610-807B-F358668F181E}.Release|x64.Deploy.0 = Release|Any CPU
		{20FDA6ED-B68E-4610-807B-F358668F181E}.Release|x86.ActiveCfg = Release|Any CPU
		{20FDA6ED-B68E-4610-807B-F358668F181E}.Release|x86.Build.0 = Release|Any CPU
		{20FDA6ED-B68E-4610-807B-F358668F181E}.Release|x86.Deploy.0 = Release|Any CPU
		{B445DF73-AC9E-4276-9FBA-7CB5AD5D2518}.Ad-Hoc|Any CPU.ActiveCfg = Release|Any CPU
		{B445DF73-AC9E-4276-9FBA-7CB5AD5D2518}.Ad-Hoc|Any CPU.Build.0 = Release|Any CPU
		{B445DF73-AC9E-4276-9FBA-7CB5AD5D2518}.Ad-Hoc|ARM.ActiveCfg = Release|Any CPU
		{B445DF73-AC9E-4276-9FBA-7CB5AD5D2518}.Ad-Hoc|ARM.Build.0 = Release|Any CPU
		{B445DF73-AC9E-4276-9FBA-7CB5AD5D2518}.Ad-Hoc|iPhone.ActiveCfg = Release|Any CPU
		{B445DF73-AC9E-4276-9FBA-7CB5AD5D2518}.Ad-Hoc|iPhone.Build.0 = Release|Any CPU
		{B445DF73-AC9E-4276-9FBA-7CB5AD5D2518}.Ad-Hoc|iPhoneSimulator.ActiveCfg = Release|Any CPU
		{B445DF73-AC9E-4276-9FBA-7CB5AD5D2518}.Ad-Hoc|iPhoneSimulator.Build.0 = Release|Any CPU
		{B445DF73-AC9E-4276-9FBA-7CB5AD5D2518}.Ad-Hoc|x64.ActiveCfg = Release|Any CPU
		{B445DF73-AC9E-4276-9FBA-7CB5AD5D2518}.Ad-Hoc|x64.Build.0 = Release|Any CPU
		{B445DF73-AC9E-4276-9FBA-7CB5AD5D2518}.Ad-Hoc|x86.ActiveCfg = Release|Any CPU
		{B445DF73-AC9E-4276-9FBA-7CB5AD5D2518}.Ad-Hoc|x86.Build.0 = Release|Any CPU
		{B445DF73-AC9E-4276-9FBA-7CB5AD5D2518}.AppStore|Any CPU.ActiveCfg = Release|Any CPU
		{B445DF73-AC9E-4276-9FBA-7CB5AD5D2518}.AppStore|Any CPU.Build.0 = Release|Any CPU
		{B445DF73-AC9E-4276-9FBA-7CB5AD5D2518}.AppStore|ARM.ActiveCfg = Release|Any CPU
		{B445DF73-AC9E-4276-9FBA-7CB5AD5D2518}.AppStore|ARM.Build.0 = Release|Any CPU
		{B445DF73-AC9E-4276-9FBA-7CB5AD5D2518}.AppStore|iPhone.ActiveCfg = Release|Any CPU
		{B445DF73-AC9E-4276-9FBA-7CB5AD5D2518}.AppStore|iPhone.Build.0 = Release|Any CPU
		{B445DF73-AC9E-4276-9FBA-7CB5AD5D2518}.AppStore|iPhoneSimulator.ActiveCfg = Release|Any CPU
		{B445DF73-AC9E-4276-9FBA-7CB5AD5D2518}.AppStore|iPhoneSimulator.Build.0 = Release|Any CPU
		{B445DF73-AC9E-4276-9FBA-7CB5AD5D2518}.AppStore|x64.ActiveCfg = Release|Any CPU
		{B445DF73-AC9E-4276-9FBA-7CB5AD5D2518}.AppStore|x64.Build.0 = Release|Any CPU
		{B445DF73-AC9E-4276-9FBA-7CB5AD5D2518}.AppStore|x86.ActiveCfg = Release|Any CPU
		{B445DF73-AC9E-4276-9FBA-7CB5AD5D2518}.AppStore|x86.Build.0 = Release|Any CPU
		{B445DF73-AC9E-4276-9FBA-7CB5AD5D2518}.Debug|Any CPU.ActiveCfg = Debug|Any CPU
		{B445DF73-AC9E-4276-9FBA-7CB5AD5D2518}.Debug|Any CPU.Build.0 = Debug|Any CPU
		{B445DF73-AC9E-4276-9FBA-7CB5AD5D2518}.Debug|ARM.ActiveCfg = Debug|Any CPU
		{B445DF73-AC9E-4276-9FBA-7CB5AD5D2518}.Debug|ARM.Build.0 = Debug|Any CPU
		{B445DF73-AC9E-4276-9FBA-7CB5AD5D2518}.Debug|iPhone.ActiveCfg = Debug|Any CPU
		{B445DF73-AC9E-4276-9FBA-7CB5AD5D2518}.Debug|iPhone.Build.0 = Debug|Any CPU
		{B445DF73-AC9E-4276-9FBA-7CB5AD5D2518}.Debug|iPhoneSimulator.ActiveCfg = Debug|Any CPU
		{B445DF73-AC9E-4276-9FBA-7CB5AD5D2518}.Debug|iPhoneSimulator.Build.0 = Debug|Any CPU
		{B445DF73-AC9E-4276-9FBA-7CB5AD5D2518}.Debug|x64.ActiveCfg = Debug|Any CPU
		{B445DF73-AC9E-4276-9FBA-7CB5AD5D2518}.Debug|x64.Build.0 = Debug|Any CPU
		{B445DF73-AC9E-4276-9FBA-7CB5AD5D2518}.Debug|x86.ActiveCfg = Debug|Any CPU
		{B445DF73-AC9E-4276-9FBA-7CB5AD5D2518}.Debug|x86.Build.0 = Debug|Any CPU
		{B445DF73-AC9E-4276-9FBA-7CB5AD5D2518}.Release|Any CPU.ActiveCfg = Release|Any CPU
		{B445DF73-AC9E-4276-9FBA-7CB5AD5D2518}.Release|Any CPU.Build.0 = Release|Any CPU
		{B445DF73-AC9E-4276-9FBA-7CB5AD5D2518}.Release|ARM.ActiveCfg = Release|Any CPU
		{B445DF73-AC9E-4276-9FBA-7CB5AD5D2518}.Release|ARM.Build.0 = Release|Any CPU
		{B445DF73-AC9E-4276-9FBA-7CB5AD5D2518}.Release|iPhone.ActiveCfg = Release|Any CPU
		{B445DF73-AC9E-4276-9FBA-7CB5AD5D2518}.Release|iPhone.Build.0 = Release|Any CPU
		{B445DF73-AC9E-4276-9FBA-7CB5AD5D2518}.Release|iPhoneSimulator.ActiveCfg = Release|Any CPU
		{B445DF73-AC9E-4276-9FBA-7CB5AD5D2518}.Release|iPhoneSimulator.Build.0 = Release|Any CPU
		{B445DF73-AC9E-4276-9FBA-7CB5AD5D2518}.Release|x64.ActiveCfg = Release|Any CPU
		{B445DF73-AC9E-4276-9FBA-7CB5AD5D2518}.Release|x64.Build.0 = Release|Any CPU
		{B445DF73-AC9E-4276-9FBA-7CB5AD5D2518}.Release|x86.ActiveCfg = Release|Any CPU
		{B445DF73-AC9E-4276-9FBA-7CB5AD5D2518}.Release|x86.Build.0 = Release|Any CPU
	EndGlobalSection
	GlobalSection(SolutionProperties) = preSolution
		HideSolutionNode = FALSE
	EndGlobalSection
	GlobalSection(ExtensibilityGlobals) = postSolution
		SolutionGuid = {F6D05029-56B8-4E45-AF2D-0E76295DDBA2}
	EndGlobalSection
EndGlobal
