
Microsoft Visual Studio Solution File, Format Version 12.00
# Visual Studio 15
VisualStudioVersion = 15.0.27004.2002
MinimumVisualStudioVersion = 10.0.40219.1
Project("{FAE04EC0-301F-11D3-BF4B-00C04F79EFBC}") = "QuickFlicks.iOS", "QuickFlicks.iOS\QuickFlicks.iOS.csproj", "{D5FAD3A5-78E4-456D-8F96-65B9C5A0DAED}"
EndProject
Project("{9A19103F-16F7-4668-BE54-9A1E7A4F7556}") = "QuickFlicks.Data", "QuickFlicks.Data\QuickFlicks.Data.csproj", "{82B6A9DC-1A88-4E65-98CD-2CDF6E704317}"
EndProject
Project("{FAE04EC0-301F-11D3-BF4B-00C04F79EFBC}") = "QuickFlicks.Droid", "QuickFlicks.Droid\QuickFlicks.Droid.csproj", "{E192ED49-6B64-42DA-80A2-5EF3D7F8C090}"
EndProject
Project("{FAE04EC0-301F-11D3-BF4B-00C04F79EFBC}") = "QuickFlicks.XForms.Android", "QuickFlicks.XForms\QuickFlicks.XForms.Android\QuickFlicks.XForms.Android.csproj", "{830E67F3-C9F0-4BD0-A00D-F9BE02C307EF}"
EndProject
Project("{FAE04EC0-301F-11D3-BF4B-00C04F79EFBC}") = "QuickFlicks.XForms.iOS", "QuickFlicks.XForms\QuickFlicks.XForms.iOS\QuickFlicks.XForms.iOS.csproj", "{94857D08-EF16-4A9E-8214-DD24CC5A90CE}"
EndProject
Project("{FAE04EC0-301F-11D3-BF4B-00C04F79EFBC}") = "QuickFlicks.XForms.UWP", "QuickFlicks.XForms\QuickFlicks.XForms.UWP\QuickFlicks.XForms.UWP.csproj", "{02D33991-4B87-4B2C-B786-E81600E36EA1}"
EndProject
Project("{D954291E-2A0B-460D-934E-DC6B0785DB48}") = "QuickFlicks.XForms", "QuickFlicks.XForms\QuickFlicks.XForms\QuickFlicks.XForms.shproj", "{FC2A9289-997E-4AEF-A661-14D41D97E706}"
EndProject
Project("{FAE04EC0-301F-11D3-BF4B-00C04F79EFBC}") = "QuickFlicks.ViewModels", "QuickFlicks.ViewModels\QuickFlicks.ViewModels.csproj", "{CBF78EE9-F571-4641-913E-298C27264EE7}"
EndProject
Global
	GlobalSection(SharedMSBuildProjectFiles) = preSolution
		QuickFlicks.XForms\QuickFlicks.XForms\QuickFlicks.XForms.projitems*{02d33991-4b87-4b2c-b786-e81600e36ea1}*SharedItemsImports = 4
		QuickFlicks.XForms\QuickFlicks.XForms\QuickFlicks.XForms.projitems*{830e67f3-c9f0-4bd0-a00d-f9be02c307ef}*SharedItemsImports = 4
		QuickFlicks.XForms\QuickFlicks.XForms\QuickFlicks.XForms.projitems*{94857d08-ef16-4a9e-8214-dd24cc5a90ce}*SharedItemsImports = 4
		QuickFlicks.XForms\QuickFlicks.XForms\QuickFlicks.XForms.projitems*{fc2a9289-997e-4aef-a661-14d41d97e706}*SharedItemsImports = 13
	EndGlobalSection
	GlobalSection(SolutionConfigurationPlatforms) = preSolution
		Ad-Hoc|Any CPU = Ad-Hoc|Any CPU
		Ad-Hoc|ARM = Ad-Hoc|ARM
		Ad-Hoc|iPhone = Ad-Hoc|iPhone
		Ad-Hoc|iPhoneSimulator = Ad-Hoc|iPhoneSimulator
		Ad-Hoc|x64 = Ad-Hoc|x64
		Ad-Hoc|x86 = Ad-Hoc|x86
		AppStore|Any CPU = AppStore|Any CPU
		AppStore|ARM = AppStore|ARM
		AppStore|iPhone = AppStore|iPhone
		AppStore|iPhoneSimulator = AppStore|iPhoneSimulator
		AppStore|x64 = AppStore|x64
		AppStore|x86 = AppStore|x86
		Debug|Any CPU = Debug|Any CPU
		Debug|ARM = Debug|ARM
		Debug|iPhone = Debug|iPhone
		Debug|iPhoneSimulator = Debug|iPhoneSimulator
		Debug|x64 = Debug|x64
		Debug|x86 = Debug|x86
		Release|Any CPU = Release|Any CPU
		Release|ARM = Release|ARM
		Release|iPhone = Release|iPhone
		Release|iPhoneSimulator = Release|iPhoneSimulator
		Release|x64 = Release|x64
		Release|x86 = Release|x86
	EndGlobalSection
	GlobalSection(ProjectConfigurationPlatforms) = postSolution
		{D5FAD3A5-78E4-456D-8F96-65B9C5A0DAED}.Ad-Hoc|Any CPU.ActiveCfg = Release|iPhone
		{D5FAD3A5-78E4-456D-8F96-65B9C5A0DAED}.Ad-Hoc|Any CPU.Build.0 = Release|iPhone
		{D5FAD3A5-78E4-456D-8F96-65B9C5A0DAED}.Ad-Hoc|ARM.ActiveCfg = Release|iPhone
		{D5FAD3A5-78E4-456D-8F96-65B9C5A0DAED}.Ad-Hoc|ARM.Build.0 = Release|iPhone
		{D5FAD3A5-78E4-456D-8F96-65B9C5A0DAED}.Ad-Hoc|iPhone.ActiveCfg = Release|iPhone
		{D5FAD3A5-78E4-456D-8F96-65B9C5A0DAED}.Ad-Hoc|iPhone.Build.0 = Release|iPhone
		{D5FAD3A5-78E4-456D-8F96-65B9C5A0DAED}.Ad-Hoc|iPhoneSimulator.ActiveCfg = Release|iPhoneSimulator
		{D5FAD3A5-78E4-456D-8F96-65B9C5A0DAED}.Ad-Hoc|iPhoneSimulator.Build.0 = Release|iPhoneSimulator
		{D5FAD3A5-78E4-456D-8F96-65B9C5A0DAED}.Ad-Hoc|x64.ActiveCfg = Release|iPhone
		{D5FAD3A5-78E4-456D-8F96-65B9C5A0DAED}.Ad-Hoc|x64.Build.0 = Release|iPhone
		{D5FAD3A5-78E4-456D-8F96-65B9C5A0DAED}.Ad-Hoc|x86.ActiveCfg = Release|iPhone
		{D5FAD3A5-78E4-456D-8F96-65B9C5A0DAED}.Ad-Hoc|x86.Build.0 = Release|iPhone
		{D5FAD3A5-78E4-456D-8F96-65B9C5A0DAED}.AppStore|Any CPU.ActiveCfg = Release|iPhone
		{D5FAD3A5-78E4-456D-8F96-65B9C5A0DAED}.AppStore|Any CPU.Build.0 = Release|iPhone
		{D5FAD3A5-78E4-456D-8F96-65B9C5A0DAED}.AppStore|ARM.ActiveCfg = Release|iPhone
		{D5FAD3A5-78E4-456D-8F96-65B9C5A0DAED}.AppStore|ARM.Build.0 = Release|iPhone
		{D5FAD3A5-78E4-456D-8F96-65B9C5A0DAED}.AppStore|iPhone.ActiveCfg = Release|iPhone
		{D5FAD3A5-78E4-456D-8F96-65B9C5A0DAED}.AppStore|iPhone.Build.0 = Release|iPhone
		{D5FAD3A5-78E4-456D-8F96-65B9C5A0DAED}.AppStore|iPhoneSimulator.ActiveCfg = Release|iPhoneSimulator
		{D5FAD3A5-78E4-456D-8F96-65B9C5A0DAED}.AppStore|iPhoneSimulator.Build.0 = Release|iPhoneSimulator
		{D5FAD3A5-78E4-456D-8F96-65B9C5A0DAED}.AppStore|x64.ActiveCfg = Release|iPhone
		{D5FAD3A5-78E4-456D-8F96-65B9C5A0DAED}.AppStore|x64.Build.0 = Release|iPhone
		{D5FAD3A5-78E4-456D-8F96-65B9C5A0DAED}.AppStore|x86.ActiveCfg = Release|iPhone
		{D5FAD3A5-78E4-456D-8F96-65B9C5A0DAED}.AppStore|x86.Build.0 = Release|iPhone
		{D5FAD3A5-78E4-456D-8F96-65B9C5A0DAED}.Debug|Any CPU.ActiveCfg = Debug|iPhoneSimulator
		{D5FAD3A5-78E4-456D-8F96-65B9C5A0DAED}.Debug|ARM.ActiveCfg = Debug|iPhoneSimulator
		{D5FAD3A5-78E4-456D-8F96-65B9C5A0DAED}.Debug|iPhone.ActiveCfg = Debug|iPhone
		{D5FAD3A5-78E4-456D-8F96-65B9C5A0DAED}.Debug|iPhone.Build.0 = Debug|iPhone
		{D5FAD3A5-78E4-456D-8F96-65B9C5A0DAED}.Debug|iPhoneSimulator.ActiveCfg = Debug|iPhoneSimulator
		{D5FAD3A5-78E4-456D-8F96-65B9C5A0DAED}.Debug|iPhoneSimulator.Build.0 = Debug|iPhoneSimulator
		{D5FAD3A5-78E4-456D-8F96-65B9C5A0DAED}.Debug|x64.ActiveCfg = Debug|iPhoneSimulator
		{D5FAD3A5-78E4-456D-8F96-65B9C5A0DAED}.Debug|x86.ActiveCfg = Debug|iPhoneSimulator
		{D5FAD3A5-78E4-456D-8F96-65B9C5A0DAED}.Release|Any CPU.ActiveCfg = Release|iPhoneSimulator
		{D5FAD3A5-78E4-456D-8F96-65B9C5A0DAED}.Release|ARM.ActiveCfg = Release|iPhoneSimulator
		{D5FAD3A5-78E4-456D-8F96-65B9C5A0DAED}.Release|iPhone.ActiveCfg = Release|iPhone
		{D5FAD3A5-78E4-456D-8F96-65B9C5A0DAED}.Release|iPhone.Build.0 = Release|iPhone
		{D5FAD3A5-78E4-456D-8F96-65B9C5A0DAED}.Release|iPhoneSimulator.ActiveCfg = Release|iPhoneSimulator
		{D5FAD3A5-78E4-456D-8F96-65B9C5A0DAED}.Release|iPhoneSimulator.Build.0 = Release|iPhoneSimulator
		{D5FAD3A5-78E4-456D-8F96-65B9C5A0DAED}.Release|x64.ActiveCfg = Release|iPhoneSimulator
		{D5FAD3A5-78E4-456D-8F96-65B9C5A0DAED}.Release|x86.ActiveCfg = Release|iPhoneSimulator
		{82B6A9DC-1A88-4E65-98CD-2CDF6E704317}.Ad-Hoc|Any CPU.ActiveCfg = Debug|Any CPU
		{82B6A9DC-1A88-4E65-98CD-2CDF6E704317}.Ad-Hoc|Any CPU.Build.0 = Debug|Any CPU
		{82B6A9DC-1A88-4E65-98CD-2CDF6E704317}.Ad-Hoc|ARM.ActiveCfg = Release|Any CPU
		{82B6A9DC-1A88-4E65-98CD-2CDF6E704317}.Ad-Hoc|ARM.Build.0 = Release|Any CPU
		{82B6A9DC-1A88-4E65-98CD-2CDF6E704317}.Ad-Hoc|iPhone.ActiveCfg = Debug|Any CPU
		{82B6A9DC-1A88-4E65-98CD-2CDF6E704317}.Ad-Hoc|iPhone.Build.0 = Debug|Any CPU
		{82B6A9DC-1A88-4E65-98CD-2CDF6E704317}.Ad-Hoc|iPhoneSimulator.ActiveCfg = Debug|Any CPU
		{82B6A9DC-1A88-4E65-98CD-2CDF6E704317}.Ad-Hoc|iPhoneSimulator.Build.0 = Debug|Any CPU
		{82B6A9DC-1A88-4E65-98CD-2CDF6E704317}.Ad-Hoc|x64.ActiveCfg = Release|Any CPU
		{82B6A9DC-1A88-4E65-98CD-2CDF6E704317}.Ad-Hoc|x64.Build.0 = Release|Any CPU
		{82B6A9DC-1A88-4E65-98CD-2CDF6E704317}.Ad-Hoc|x86.ActiveCfg = Release|Any CPU
		{82B6A9DC-1A88-4E65-98CD-2CDF6E704317}.Ad-Hoc|x86.Build.0 = Release|Any CPU
		{82B6A9DC-1A88-4E65-98CD-2CDF6E704317}.AppStore|Any CPU.ActiveCfg = Debug|Any CPU
		{82B6A9DC-1A88-4E65-98CD-2CDF6E704317}.AppStore|Any CPU.Build.0 = Debug|Any CPU
		{82B6A9DC-1A88-4E65-98CD-2CDF6E704317}.AppStore|ARM.ActiveCfg = Release|Any CPU
		{82B6A9DC-1A88-4E65-98CD-2CDF6E704317}.AppStore|ARM.Build.0 = Release|Any CPU
		{82B6A9DC-1A88-4E65-98CD-2CDF6E704317}.AppStore|iPhone.ActiveCfg = Debug|Any CPU
		{82B6A9DC-1A88-4E65-98CD-2CDF6E704317}.AppStore|iPhone.Build.0 = Debug|Any CPU
		{82B6A9DC-1A88-4E65-98CD-2CDF6E704317}.AppStore|iPhoneSimulator.ActiveCfg = Debug|Any CPU
		{82B6A9DC-1A88-4E65-98CD-2CDF6E704317}.AppStore|iPhoneSimulator.Build.0 = Debug|Any CPU
		{82B6A9DC-1A88-4E65-98CD-2CDF6E704317}.AppStore|x64.ActiveCfg = Release|Any CPU
		{82B6A9DC-1A88-4E65-98CD-2CDF6E704317}.AppStore|x64.Build.0 = Release|Any CPU
		{82B6A9DC-1A88-4E65-98CD-2CDF6E704317}.AppStore|x86.ActiveCfg = Release|Any CPU
		{82B6A9DC-1A88-4E65-98CD-2CDF6E704317}.AppStore|x86.Build.0 = Release|Any CPU
		{82B6A9DC-1A88-4E65-98CD-2CDF6E704317}.Debug|Any CPU.ActiveCfg = Debug|Any CPU
		{82B6A9DC-1A88-4E65-98CD-2CDF6E704317}.Debug|Any CPU.Build.0 = Debug|Any CPU
		{82B6A9DC-1A88-4E65-98CD-2CDF6E704317}.Debug|ARM.ActiveCfg = Debug|Any CPU
		{82B6A9DC-1A88-4E65-98CD-2CDF6E704317}.Debug|ARM.Build.0 = Debug|Any CPU
		{82B6A9DC-1A88-4E65-98CD-2CDF6E704317}.Debug|iPhone.ActiveCfg = Debug|Any CPU
		{82B6A9DC-1A88-4E65-98CD-2CDF6E704317}.Debug|iPhone.Build.0 = Debug|Any CPU
		{82B6A9DC-1A88-4E65-98CD-2CDF6E704317}.Debug|iPhoneSimulator.ActiveCfg = Debug|Any CPU
		{82B6A9DC-1A88-4E65-98CD-2CDF6E704317}.Debug|iPhoneSimulator.Build.0 = Debug|Any CPU
		{82B6A9DC-1A88-4E65-98CD-2CDF6E704317}.Debug|x64.ActiveCfg = Debug|Any CPU
		{82B6A9DC-1A88-4E65-98CD-2CDF6E704317}.Debug|x64.Build.0 = Debug|Any CPU
		{82B6A9DC-1A88-4E65-98CD-2CDF6E704317}.Debug|x86.ActiveCfg = Debug|Any CPU
		{82B6A9DC-1A88-4E65-98CD-2CDF6E704317}.Debug|x86.Build.0 = Debug|Any CPU
		{82B6A9DC-1A88-4E65-98CD-2CDF6E704317}.Release|Any CPU.ActiveCfg = Release|Any CPU
		{82B6A9DC-1A88-4E65-98CD-2CDF6E704317}.Release|Any CPU.Build.0 = Release|Any CPU
		{82B6A9DC-1A88-4E65-98CD-2CDF6E704317}.Release|ARM.ActiveCfg = Release|Any CPU
		{82B6A9DC-1A88-4E65-98CD-2CDF6E704317}.Release|ARM.Build.0 = Release|Any CPU
		{82B6A9DC-1A88-4E65-98CD-2CDF6E704317}.Release|iPhone.ActiveCfg = Release|Any CPU
		{82B6A9DC-1A88-4E65-98CD-2CDF6E704317}.Release|iPhone.Build.0 = Release|Any CPU
		{82B6A9DC-1A88-4E65-98CD-2CDF6E704317}.Release|iPhoneSimulator.ActiveCfg = Release|Any CPU
		{82B6A9DC-1A88-4E65-98CD-2CDF6E704317}.Release|iPhoneSimulator.Build.0 = Release|Any CPU
		{82B6A9DC-1A88-4E65-98CD-2CDF6E704317}.Release|x64.ActiveCfg = Release|Any CPU
		{82B6A9DC-1A88-4E65-98CD-2CDF6E704317}.Release|x64.Build.0 = Release|Any CPU
		{82B6A9DC-1A88-4E65-98CD-2CDF6E704317}.Release|x86.ActiveCfg = Release|Any CPU
		{82B6A9DC-1A88-4E65-98CD-2CDF6E704317}.Release|x86.Build.0 = Release|Any CPU
		{E192ED49-6B64-42DA-80A2-5EF3D7F8C090}.Ad-Hoc|Any CPU.ActiveCfg = Release|Any CPU
		{E192ED49-6B64-42DA-80A2-5EF3D7F8C090}.Ad-Hoc|Any CPU.Build.0 = Release|Any CPU
		{E192ED49-6B64-42DA-80A2-5EF3D7F8C090}.Ad-Hoc|Any CPU.Deploy.0 = Release|Any CPU
		{E192ED49-6B64-42DA-80A2-5EF3D7F8C090}.Ad-Hoc|ARM.ActiveCfg = Release|Any CPU
		{E192ED49-6B64-42DA-80A2-5EF3D7F8C090}.Ad-Hoc|ARM.Build.0 = Release|Any CPU
		{E192ED49-6B64-42DA-80A2-5EF3D7F8C090}.Ad-Hoc|ARM.Deploy.0 = Release|Any CPU
		{E192ED49-6B64-42DA-80A2-5EF3D7F8C090}.Ad-Hoc|iPhone.ActiveCfg = Release|Any CPU
		{E192ED49-6B64-42DA-80A2-5EF3D7F8C090}.Ad-Hoc|iPhone.Build.0 = Release|Any CPU
		{E192ED49-6B64-42DA-80A2-5EF3D7F8C090}.Ad-Hoc|iPhone.Deploy.0 = Release|Any CPU
		{E192ED49-6B64-42DA-80A2-5EF3D7F8C090}.Ad-Hoc|iPhoneSimulator.ActiveCfg = Release|Any CPU
		{E192ED49-6B64-42DA-80A2-5EF3D7F8C090}.Ad-Hoc|iPhoneSimulator.Build.0 = Release|Any CPU
		{E192ED49-6B64-42DA-80A2-5EF3D7F8C090}.Ad-Hoc|iPhoneSimulator.Deploy.0 = Release|Any CPU
		{E192ED49-6B64-42DA-80A2-5EF3D7F8C090}.Ad-Hoc|x64.ActiveCfg = Release|Any CPU
		{E192ED49-6B64-42DA-80A2-5EF3D7F8C090}.Ad-Hoc|x64.Build.0 = Release|Any CPU
		{E192ED49-6B64-42DA-80A2-5EF3D7F8C090}.Ad-Hoc|x64.Deploy.0 = Release|Any CPU
		{E192ED49-6B64-42DA-80A2-5EF3D7F8C090}.Ad-Hoc|x86.ActiveCfg = Release|Any CPU
		{E192ED49-6B64-42DA-80A2-5EF3D7F8C090}.Ad-Hoc|x86.Build.0 = Release|Any CPU
		{E192ED49-6B64-42DA-80A2-5EF3D7F8C090}.Ad-Hoc|x86.Deploy.0 = Release|Any CPU
		{E192ED49-6B64-42DA-80A2-5EF3D7F8C090}.AppStore|Any CPU.ActiveCfg = Release|Any CPU
		{E192ED49-6B64-42DA-80A2-5EF3D7F8C090}.AppStore|Any CPU.Build.0 = Release|Any CPU
		{E192ED49-6B64-42DA-80A2-5EF3D7F8C090}.AppStore|Any CPU.Deploy.0 = Release|Any CPU
		{E192ED49-6B64-42DA-80A2-5EF3D7F8C090}.AppStore|ARM.ActiveCfg = Release|Any CPU
		{E192ED49-6B64-42DA-80A2-5EF3D7F8C090}.AppStore|ARM.Build.0 = Release|Any CPU
		{E192ED49-6B64-42DA-80A2-5EF3D7F8C090}.AppStore|ARM.Deploy.0 = Release|Any CPU
		{E192ED49-6B64-42DA-80A2-5EF3D7F8C090}.AppStore|iPhone.ActiveCfg = Release|Any CPU
		{E192ED49-6B64-42DA-80A2-5EF3D7F8C090}.AppStore|iPhone.Build.0 = Release|Any CPU
		{E192ED49-6B64-42DA-80A2-5EF3D7F8C090}.AppStore|iPhone.Deploy.0 = Release|Any CPU
		{E192ED49-6B64-42DA-80A2-5EF3D7F8C090}.AppStore|iPhoneSimulator.ActiveCfg = Release|Any CPU
		{E192ED49-6B64-42DA-80A2-5EF3D7F8C090}.AppStore|iPhoneSimulator.Build.0 = Release|Any CPU
		{E192ED49-6B64-42DA-80A2-5EF3D7F8C090}.AppStore|iPhoneSimulator.Deploy.0 = Release|Any CPU
		{E192ED49-6B64-42DA-80A2-5EF3D7F8C090}.AppStore|x64.ActiveCfg = Release|Any CPU
		{E192ED49-6B64-42DA-80A2-5EF3D7F8C090}.AppStore|x64.Build.0 = Release|Any CPU
		{E192ED49-6B64-42DA-80A2-5EF3D7F8C090}.AppStore|x64.Deploy.0 = Release|Any CPU
		{E192ED49-6B64-42DA-80A2-5EF3D7F8C090}.AppStore|x86.ActiveCfg = Release|Any CPU
		{E192ED49-6B64-42DA-80A2-5EF3D7F8C090}.AppStore|x86.Build.0 = Release|Any CPU
		{E192ED49-6B64-42DA-80A2-5EF3D7F8C090}.AppStore|x86.Deploy.0 = Release|Any CPU
		{E192ED49-6B64-42DA-80A2-5EF3D7F8C090}.Debug|Any CPU.ActiveCfg = Debug|Any CPU
		{E192ED49-6B64-42DA-80A2-5EF3D7F8C090}.Debug|Any CPU.Build.0 = Debug|Any CPU
		{E192ED49-6B64-42DA-80A2-5EF3D7F8C090}.Debug|Any CPU.Deploy.0 = Debug|Any CPU
		{E192ED49-6B64-42DA-80A2-5EF3D7F8C090}.Debug|ARM.ActiveCfg = Debug|Any CPU
		{E192ED49-6B64-42DA-80A2-5EF3D7F8C090}.Debug|ARM.Build.0 = Debug|Any CPU
		{E192ED49-6B64-42DA-80A2-5EF3D7F8C090}.Debug|ARM.Deploy.0 = Debug|Any CPU
		{E192ED49-6B64-42DA-80A2-5EF3D7F8C090}.Debug|iPhone.ActiveCfg = Debug|Any CPU
		{E192ED49-6B64-42DA-80A2-5EF3D7F8C090}.Debug|iPhone.Build.0 = Debug|Any CPU
		{E192ED49-6B64-42DA-80A2-5EF3D7F8C090}.Debug|iPhone.Deploy.0 = Debug|Any CPU
		{E192ED49-6B64-42DA-80A2-5EF3D7F8C090}.Debug|iPhoneSimulator.ActiveCfg = Debug|Any CPU
		{E192ED49-6B64-42DA-80A2-5EF3D7F8C090}.Debug|iPhoneSimulator.Build.0 = Debug|Any CPU
		{E192ED49-6B64-42DA-80A2-5EF3D7F8C090}.Debug|iPhoneSimulator.Deploy.0 = Debug|Any CPU
		{E192ED49-6B64-42DA-80A2-5EF3D7F8C090}.Debug|x64.ActiveCfg = Debug|Any CPU
		{E192ED49-6B64-42DA-80A2-5EF3D7F8C090}.Debug|x64.Build.0 = Debug|Any CPU
		{E192ED49-6B64-42DA-80A2-5EF3D7F8C090}.Debug|x64.Deploy.0 = Debug|Any CPU
		{E192ED49-6B64-42DA-80A2-5EF3D7F8C090}.Debug|x86.ActiveCfg = Debug|Any CPU
		{E192ED49-6B64-42DA-80A2-5EF3D7F8C090}.Debug|x86.Build.0 = Debug|Any CPU
		{E192ED49-6B64-42DA-80A2-5EF3D7F8C090}.Debug|x86.Deploy.0 = Debug|Any CPU
		{E192ED49-6B64-42DA-80A2-5EF3D7F8C090}.Release|Any CPU.ActiveCfg = Release|Any CPU
		{E192ED49-6B64-42DA-80A2-5EF3D7F8C090}.Release|Any CPU.Build.0 = Release|Any CPU
		{E192ED49-6B64-42DA-80A2-5EF3D7F8C090}.Release|Any CPU.Deploy.0 = Release|Any CPU
		{E192ED49-6B64-42DA-80A2-5EF3D7F8C090}.Release|ARM.ActiveCfg = Release|Any CPU
		{E192ED49-6B64-42DA-80A2-5EF3D7F8C090}.Release|ARM.Build.0 = Release|Any CPU
		{E192ED49-6B64-42DA-80A2-5EF3D7F8C090}.Release|ARM.Deploy.0 = Release|Any CPU
		{E192ED49-6B64-42DA-80A2-5EF3D7F8C090}.Release|iPhone.ActiveCfg = Release|Any CPU
		{E192ED49-6B64-42DA-80A2-5EF3D7F8C090}.Release|iPhone.Build.0 = Release|Any CPU
		{E192ED49-6B64-42DA-80A2-5EF3D7F8C090}.Release|iPhone.Deploy.0 = Release|Any CPU
		{E192ED49-6B64-42DA-80A2-5EF3D7F8C090}.Release|iPhoneSimulator.ActiveCfg = Release|Any CPU
		{E192ED49-6B64-42DA-80A2-5EF3D7F8C090}.Release|iPhoneSimulator.Build.0 = Release|Any CPU
		{E192ED49-6B64-42DA-80A2-5EF3D7F8C090}.Release|iPhoneSimulator.Deploy.0 = Release|Any CPU
		{E192ED49-6B64-42DA-80A2-5EF3D7F8C090}.Release|x64.ActiveCfg = Release|Any CPU
		{E192ED49-6B64-42DA-80A2-5EF3D7F8C090}.Release|x64.Build.0 = Release|Any CPU
		{E192ED49-6B64-42DA-80A2-5EF3D7F8C090}.Release|x64.Deploy.0 = Release|Any CPU
		{E192ED49-6B64-42DA-80A2-5EF3D7F8C090}.Release|x86.ActiveCfg = Release|Any CPU
		{E192ED49-6B64-42DA-80A2-5EF3D7F8C090}.Release|x86.Build.0 = Release|Any CPU
		{E192ED49-6B64-42DA-80A2-5EF3D7F8C090}.Release|x86.Deploy.0 = Release|Any CPU
		{830E67F3-C9F0-4BD0-A00D-F9BE02C307EF}.Ad-Hoc|Any CPU.ActiveCfg = Release|Any CPU
		{830E67F3-C9F0-4BD0-A00D-F9BE02C307EF}.Ad-Hoc|Any CPU.Build.0 = Release|Any CPU
		{830E67F3-C9F0-4BD0-A00D-F9BE02C307EF}.Ad-Hoc|Any CPU.Deploy.0 = Release|Any CPU
		{830E67F3-C9F0-4BD0-A00D-F9BE02C307EF}.Ad-Hoc|ARM.ActiveCfg = Release|Any CPU
		{830E67F3-C9F0-4BD0-A00D-F9BE02C307EF}.Ad-Hoc|ARM.Build.0 = Release|Any CPU
		{830E67F3-C9F0-4BD0-A00D-F9BE02C307EF}.Ad-Hoc|ARM.Deploy.0 = Release|Any CPU
		{830E67F3-C9F0-4BD0-A00D-F9BE02C307EF}.Ad-Hoc|iPhone.ActiveCfg = Release|Any CPU
		{830E67F3-C9F0-4BD0-A00D-F9BE02C307EF}.Ad-Hoc|iPhone.Build.0 = Release|Any CPU
		{830E67F3-C9F0-4BD0-A00D-F9BE02C307EF}.Ad-Hoc|iPhone.Deploy.0 = Release|Any CPU
		{830E67F3-C9F0-4BD0-A00D-F9BE02C307EF}.Ad-Hoc|iPhoneSimulator.ActiveCfg = Release|Any CPU
		{830E67F3-C9F0-4BD0-A00D-F9BE02C307EF}.Ad-Hoc|iPhoneSimulator.Build.0 = Release|Any CPU
		{830E67F3-C9F0-4BD0-A00D-F9BE02C307EF}.Ad-Hoc|iPhoneSimulator.Deploy.0 = Release|Any CPU
		{830E67F3-C9F0-4BD0-A00D-F9BE02C307EF}.Ad-Hoc|x64.ActiveCfg = Release|Any CPU
		{830E67F3-C9F0-4BD0-A00D-F9BE02C307EF}.Ad-Hoc|x64.Build.0 = Release|Any CPU
		{830E67F3-C9F0-4BD0-A00D-F9BE02C307EF}.Ad-Hoc|x64.Deploy.0 = Release|Any CPU
		{830E67F3-C9F0-4BD0-A00D-F9BE02C307EF}.Ad-Hoc|x86.ActiveCfg = Release|Any CPU
		{830E67F3-C9F0-4BD0-A00D-F9BE02C307EF}.Ad-Hoc|x86.Build.0 = Release|Any CPU
		{830E67F3-C9F0-4BD0-A00D-F9BE02C307EF}.Ad-Hoc|x86.Deploy.0 = Release|Any CPU
		{830E67F3-C9F0-4BD0-A00D-F9BE02C307EF}.AppStore|Any CPU.ActiveCfg = Release|Any CPU
		{830E67F3-C9F0-4BD0-A00D-F9BE02C307EF}.AppStore|Any CPU.Build.0 = Release|Any CPU
		{830E67F3-C9F0-4BD0-A00D-F9BE02C307EF}.AppStore|Any CPU.Deploy.0 = Release|Any CPU
		{830E67F3-C9F0-4BD0-A00D-F9BE02C307EF}.AppStore|ARM.ActiveCfg = Release|Any CPU
		{830E67F3-C9F0-4BD0-A00D-F9BE02C307EF}.AppStore|ARM.Build.0 = Release|Any CPU
		{830E67F3-C9F0-4BD0-A00D-F9BE02C307EF}.AppStore|ARM.Deploy.0 = Release|Any CPU
		{830E67F3-C9F0-4BD0-A00D-F9BE02C307EF}.AppStore|iPhone.ActiveCfg = Release|Any CPU
		{830E67F3-C9F0-4BD0-A00D-F9BE02C307EF}.AppStore|iPhone.Build.0 = Release|Any CPU
		{830E67F3-C9F0-4BD0-A00D-F9BE02C307EF}.AppStore|iPhone.Deploy.0 = Release|Any CPU
		{830E67F3-C9F0-4BD0-A00D-F9BE02C307EF}.AppStore|iPhoneSimulator.ActiveCfg = Release|Any CPU
		{830E67F3-C9F0-4BD0-A00D-F9BE02C307EF}.AppStore|iPhoneSimulator.Build.0 = Release|Any CPU
		{830E67F3-C9F0-4BD0-A00D-F9BE02C307EF}.AppStore|iPhoneSimulator.Deploy.0 = Release|Any CPU
		{830E67F3-C9F0-4BD0-A00D-F9BE02C307EF}.AppStore|x64.ActiveCfg = Release|Any CPU
		{830E67F3-C9F0-4BD0-A00D-F9BE02C307EF}.AppStore|x64.Build.0 = Release|Any CPU
		{830E67F3-C9F0-4BD0-A00D-F9BE02C307EF}.AppStore|x64.Deploy.0 = Release|Any CPU
		{830E67F3-C9F0-4BD0-A00D-F9BE02C307EF}.AppStore|x86.ActiveCfg = Release|Any CPU
		{830E67F3-C9F0-4BD0-A00D-F9BE02C307EF}.AppStore|x86.Build.0 = Release|Any CPU
		{830E67F3-C9F0-4BD0-A00D-F9BE02C307EF}.AppStore|x86.Deploy.0 = Release|Any CPU
		{830E67F3-C9F0-4BD0-A00D-F9BE02C307EF}.Debug|Any CPU.ActiveCfg = Debug|Any CPU
		{830E67F3-C9F0-4BD0-A00D-F9BE02C307EF}.Debug|Any CPU.Build.0 = Debug|Any CPU
		{830E67F3-C9F0-4BD0-A00D-F9BE02C307EF}.Debug|Any CPU.Deploy.0 = Debug|Any CPU
		{830E67F3-C9F0-4BD0-A00D-F9BE02C307EF}.Debug|ARM.ActiveCfg = Debug|Any CPU
		{830E67F3-C9F0-4BD0-A00D-F9BE02C307EF}.Debug|ARM.Build.0 = Debug|Any CPU
		{830E67F3-C9F0-4BD0-A00D-F9BE02C307EF}.Debug|ARM.Deploy.0 = Debug|Any CPU
		{830E67F3-C9F0-4BD0-A00D-F9BE02C307EF}.Debug|iPhone.ActiveCfg = Debug|Any CPU
		{830E67F3-C9F0-4BD0-A00D-F9BE02C307EF}.Debug|iPhone.Build.0 = Debug|Any CPU
		{830E67F3-C9F0-4BD0-A00D-F9BE02C307EF}.Debug|iPhone.Deploy.0 = Debug|Any CPU
		{830E67F3-C9F0-4BD0-A00D-F9BE02C307EF}.Debug|iPhoneSimulator.ActiveCfg = Debug|Any CPU
		{830E67F3-C9F0-4BD0-A00D-F9BE02C307EF}.Debug|iPhoneSimulator.Build.0 = Debug|Any CPU
		{830E67F3-C9F0-4BD0-A00D-F9BE02C307EF}.Debug|iPhoneSimulator.Deploy.0 = Debug|Any CPU
		{830E67F3-C9F0-4BD0-A00D-F9BE02C307EF}.Debug|x64.ActiveCfg = Debug|Any CPU
		{830E67F3-C9F0-4BD0-A00D-F9BE02C307EF}.Debug|x64.Build.0 = Debug|Any CPU
		{830E67F3-C9F0-4BD0-A00D-F9BE02C307EF}.Debug|x64.Deploy.0 = Debug|Any CPU
		{830E67F3-C9F0-4BD0-A00D-F9BE02C307EF}.Debug|x86.ActiveCfg = Debug|Any CPU
		{830E67F3-C9F0-4BD0-A00D-F9BE02C307EF}.Debug|x86.Build.0 = Debug|Any CPU
		{830E67F3-C9F0-4BD0-A00D-F9BE02C307EF}.Debug|x86.Deploy.0 = Debug|Any CPU
		{830E67F3-C9F0-4BD0-A00D-F9BE02C307EF}.Release|Any CPU.ActiveCfg = Release|Any CPU
		{830E67F3-C9F0-4BD0-A00D-F9BE02C307EF}.Release|Any CPU.Build.0 = Release|Any CPU
		{830E67F3-C9F0-4BD0-A00D-F9BE02C307EF}.Release|Any CPU.Deploy.0 = Release|Any CPU
		{830E67F3-C9F0-4BD0-A00D-F9BE02C307EF}.Release|ARM.ActiveCfg = Release|Any CPU
		{830E67F3-C9F0-4BD0-A00D-F9BE02C307EF}.Release|ARM.Build.0 = Release|Any CPU
		{830E67F3-C9F0-4BD0-A00D-F9BE02C307EF}.Release|ARM.Deploy.0 = Release|Any CPU
		{830E67F3-C9F0-4BD0-A00D-F9BE02C307EF}.Release|iPhone.ActiveCfg = Release|Any CPU
		{830E67F3-C9F0-4BD0-A00D-F9BE02C307EF}.Release|iPhone.Build.0 = Release|Any CPU
		{830E67F3-C9F0-4BD0-A00D-F9BE02C307EF}.Release|iPhone.Deploy.0 = Release|Any CPU
		{830E67F3-C9F0-4BD0-A00D-F9BE02C307EF}.Release|iPhoneSimulator.ActiveCfg = Release|Any CPU
		{830E67F3-C9F0-4BD0-A00D-F9BE02C307EF}.Release|iPhoneSimulator.Build.0 = Release|Any CPU
		{830E67F3-C9F0-4BD0-A00D-F9BE02C307EF}.Release|iPhoneSimulator.Deploy.0 = Release|Any CPU
		{830E67F3-C9F0-4BD0-A00D-F9BE02C307EF}.Release|x64.ActiveCfg = Release|Any CPU
		{830E67F3-C9F0-4BD0-A00D-F9BE02C307EF}.Release|x64.Build.0 = Release|Any CPU
		{830E67F3-C9F0-4BD0-A00D-F9BE02C307EF}.Release|x64.Deploy.0 = Release|Any CPU
		{830E67F3-C9F0-4BD0-A00D-F9BE02C307EF}.Release|x86.ActiveCfg = Release|Any CPU
		{830E67F3-C9F0-4BD0-A00D-F9BE02C307EF}.Release|x86.Build.0 = Release|Any CPU
		{830E67F3-C9F0-4BD0-A00D-F9BE02C307EF}.Release|x86.Deploy.0 = Release|Any CPU
		{94857D08-EF16-4A9E-8214-DD24CC5A90CE}.Ad-Hoc|Any CPU.ActiveCfg = Ad-Hoc|iPhone
		{94857D08-EF16-4A9E-8214-DD24CC5A90CE}.Ad-Hoc|ARM.ActiveCfg = Ad-Hoc|iPhone
		{94857D08-EF16-4A9E-8214-DD24CC5A90CE}.Ad-Hoc|iPhone.ActiveCfg = Ad-Hoc|iPhone
		{94857D08-EF16-4A9E-8214-DD24CC5A90CE}.Ad-Hoc|iPhone.Build.0 = Ad-Hoc|iPhone
		{94857D08-EF16-4A9E-8214-DD24CC5A90CE}.Ad-Hoc|iPhoneSimulator.ActiveCfg = Ad-Hoc|iPhoneSimulator
		{94857D08-EF16-4A9E-8214-DD24CC5A90CE}.Ad-Hoc|iPhoneSimulator.Build.0 = Ad-Hoc|iPhoneSimulator
		{94857D08-EF16-4A9E-8214-DD24CC5A90CE}.Ad-Hoc|x64.ActiveCfg = Ad-Hoc|iPhone
		{94857D08-EF16-4A9E-8214-DD24CC5A90CE}.Ad-Hoc|x86.ActiveCfg = Ad-Hoc|iPhone
		{94857D08-EF16-4A9E-8214-DD24CC5A90CE}.AppStore|Any CPU.ActiveCfg = AppStore|iPhone
		{94857D08-EF16-4A9E-8214-DD24CC5A90CE}.AppStore|ARM.ActiveCfg = AppStore|iPhone
		{94857D08-EF16-4A9E-8214-DD24CC5A90CE}.AppStore|iPhone.ActiveCfg = AppStore|iPhone
		{94857D08-EF16-4A9E-8214-DD24CC5A90CE}.AppStore|iPhone.Build.0 = AppStore|iPhone
		{94857D08-EF16-4A9E-8214-DD24CC5A90CE}.AppStore|iPhoneSimulator.ActiveCfg = AppStore|iPhoneSimulator
		{94857D08-EF16-4A9E-8214-DD24CC5A90CE}.AppStore|iPhoneSimulator.Build.0 = AppStore|iPhoneSimulator
		{94857D08-EF16-4A9E-8214-DD24CC5A90CE}.AppStore|x64.ActiveCfg = AppStore|iPhone
		{94857D08-EF16-4A9E-8214-DD24CC5A90CE}.AppStore|x86.ActiveCfg = AppStore|iPhone
		{94857D08-EF16-4A9E-8214-DD24CC5A90CE}.Debug|Any CPU.ActiveCfg = Debug|iPhone
		{94857D08-EF16-4A9E-8214-DD24CC5A90CE}.Debug|ARM.ActiveCfg = Debug|iPhone
		{94857D08-EF16-4A9E-8214-DD24CC5A90CE}.Debug|iPhone.ActiveCfg = Debug|iPhone
		{94857D08-EF16-4A9E-8214-DD24CC5A90CE}.Debug|iPhone.Build.0 = Debug|iPhone
		{94857D08-EF16-4A9E-8214-DD24CC5A90CE}.Debug|iPhoneSimulator.ActiveCfg = Debug|iPhoneSimulator
		{94857D08-EF16-4A9E-8214-DD24CC5A90CE}.Debug|iPhoneSimulator.Build.0 = Debug|iPhoneSimulator
		{94857D08-EF16-4A9E-8214-DD24CC5A90CE}.Debug|x64.ActiveCfg = Debug|iPhone
		{94857D08-EF16-4A9E-8214-DD24CC5A90CE}.Debug|x86.ActiveCfg = Debug|iPhone
		{94857D08-EF16-4A9E-8214-DD24CC5A90CE}.Release|Any CPU.ActiveCfg = Release|iPhone
		{94857D08-EF16-4A9E-8214-DD24CC5A90CE}.Release|ARM.ActiveCfg = Release|iPhone
		{94857D08-EF16-4A9E-8214-DD24CC5A90CE}.Release|iPhone.ActiveCfg = Release|iPhone
		{94857D08-EF16-4A9E-8214-DD24CC5A90CE}.Release|iPhone.Build.0 = Release|iPhone
		{94857D08-EF16-4A9E-8214-DD24CC5A90CE}.Release|iPhoneSimulator.ActiveCfg = Release|iPhoneSimulator
		{94857D08-EF16-4A9E-8214-DD24CC5A90CE}.Release|iPhoneSimulator.Build.0 = Release|iPhoneSimulator
		{94857D08-EF16-4A9E-8214-DD24CC5A90CE}.Release|x64.ActiveCfg = Release|iPhone
		{94857D08-EF16-4A9E-8214-DD24CC5A90CE}.Release|x86.ActiveCfg = Release|iPhone
		{02D33991-4B87-4B2C-B786-E81600E36EA1}.Ad-Hoc|Any CPU.ActiveCfg = Release|x86
		{02D33991-4B87-4B2C-B786-E81600E36EA1}.Ad-Hoc|Any CPU.Build.0 = Release|x86
		{02D33991-4B87-4B2C-B786-E81600E36EA1}.Ad-Hoc|Any CPU.Deploy.0 = Release|x86
		{02D33991-4B87-4B2C-B786-E81600E36EA1}.Ad-Hoc|ARM.ActiveCfg = Release|ARM
		{02D33991-4B87-4B2C-B786-E81600E36EA1}.Ad-Hoc|ARM.Build.0 = Release|ARM
		{02D33991-4B87-4B2C-B786-E81600E36EA1}.Ad-Hoc|ARM.Deploy.0 = Release|ARM
		{02D33991-4B87-4B2C-B786-E81600E36EA1}.Ad-Hoc|iPhone.ActiveCfg = Release|x86
		{02D33991-4B87-4B2C-B786-E81600E36EA1}.Ad-Hoc|iPhone.Build.0 = Release|x86
		{02D33991-4B87-4B2C-B786-E81600E36EA1}.Ad-Hoc|iPhone.Deploy.0 = Release|x86
		{02D33991-4B87-4B2C-B786-E81600E36EA1}.Ad-Hoc|iPhoneSimulator.ActiveCfg = Release|x86
		{02D33991-4B87-4B2C-B786-E81600E36EA1}.Ad-Hoc|iPhoneSimulator.Build.0 = Release|x86
		{02D33991-4B87-4B2C-B786-E81600E36EA1}.Ad-Hoc|iPhoneSimulator.Deploy.0 = Release|x86
		{02D33991-4B87-4B2C-B786-E81600E36EA1}.Ad-Hoc|x64.ActiveCfg = Release|x64
		{02D33991-4B87-4B2C-B786-E81600E36EA1}.Ad-Hoc|x64.Build.0 = Release|x64
		{02D33991-4B87-4B2C-B786-E81600E36EA1}.Ad-Hoc|x64.Deploy.0 = Release|x64
		{02D33991-4B87-4B2C-B786-E81600E36EA1}.Ad-Hoc|x86.ActiveCfg = Release|x86
		{02D33991-4B87-4B2C-B786-E81600E36EA1}.Ad-Hoc|x86.Build.0 = Release|x86
		{02D33991-4B87-4B2C-B786-E81600E36EA1}.Ad-Hoc|x86.Deploy.0 = Release|x86
		{02D33991-4B87-4B2C-B786-E81600E36EA1}.AppStore|Any CPU.ActiveCfg = Release|x86
		{02D33991-4B87-4B2C-B786-E81600E36EA1}.AppStore|Any CPU.Build.0 = Release|x86
		{02D33991-4B87-4B2C-B786-E81600E36EA1}.AppStore|Any CPU.Deploy.0 = Release|x86
		{02D33991-4B87-4B2C-B786-E81600E36EA1}.AppStore|ARM.ActiveCfg = Release|ARM
		{02D33991-4B87-4B2C-B786-E81600E36EA1}.AppStore|ARM.Build.0 = Release|ARM
		{02D33991-4B87-4B2C-B786-E81600E36EA1}.AppStore|ARM.Deploy.0 = Release|ARM
		{02D33991-4B87-4B2C-B786-E81600E36EA1}.AppStore|iPhone.ActiveCfg = Release|x86
		{02D33991-4B87-4B2C-B786-E81600E36EA1}.AppStore|iPhone.Build.0 = Release|x86
		{02D33991-4B87-4B2C-B786-E81600E36EA1}.AppStore|iPhone.Deploy.0 = Release|x86
		{02D33991-4B87-4B2C-B786-E81600E36EA1}.AppStore|iPhoneSimulator.ActiveCfg = Release|x86
		{02D33991-4B87-4B2C-B786-E81600E36EA1}.AppStore|iPhoneSimulator.Build.0 = Release|x86
		{02D33991-4B87-4B2C-B786-E81600E36EA1}.AppStore|iPhoneSimulator.Deploy.0 = Release|x86
		{02D33991-4B87-4B2C-B786-E81600E36EA1}.AppStore|x64.ActiveCfg = Release|x64
		{02D33991-4B87-4B2C-B786-E81600E36EA1}.AppStore|x64.Build.0 = Release|x64
		{02D33991-4B87-4B2C-B786-E81600E36EA1}.AppStore|x64.Deploy.0 = Release|x64
		{02D33991-4B87-4B2C-B786-E81600E36EA1}.AppStore|x86.ActiveCfg = Release|x86
		{02D33991-4B87-4B2C-B786-E81600E36EA1}.AppStore|x86.Build.0 = Release|x86
		{02D33991-4B87-4B2C-B786-E81600E36EA1}.AppStore|x86.Deploy.0 = Release|x86
		{02D33991-4B87-4B2C-B786-E81600E36EA1}.Debug|Any CPU.ActiveCfg = Debug|x86
		{02D33991-4B87-4B2C-B786-E81600E36EA1}.Debug|ARM.ActiveCfg = Debug|ARM
		{02D33991-4B87-4B2C-B786-E81600E36EA1}.Debug|ARM.Build.0 = Debug|ARM
		{02D33991-4B87-4B2C-B786-E81600E36EA1}.Debug|ARM.Deploy.0 = Debug|ARM
		{02D33991-4B87-4B2C-B786-E81600E36EA1}.Debug|iPhone.ActiveCfg = Debug|x86
		{02D33991-4B87-4B2C-B786-E81600E36EA1}.Debug|iPhoneSimulator.ActiveCfg = Debug|x86
		{02D33991-4B87-4B2C-B786-E81600E36EA1}.Debug|x64.ActiveCfg = Debug|x64
		{02D33991-4B87-4B2C-B786-E81600E36EA1}.Debug|x64.Build.0 = Debug|x64
		{02D33991-4B87-4B2C-B786-E81600E36EA1}.Debug|x64.Deploy.0 = Debug|x64
		{02D33991-4B87-4B2C-B786-E81600E36EA1}.Debug|x86.ActiveCfg = Debug|x86
		{02D33991-4B87-4B2C-B786-E81600E36EA1}.Debug|x86.Build.0 = Debug|x86
		{02D33991-4B87-4B2C-B786-E81600E36EA1}.Debug|x86.Deploy.0 = Debug|x86
		{02D33991-4B87-4B2C-B786-E81600E36EA1}.Release|Any CPU.ActiveCfg = Release|x86
		{02D33991-4B87-4B2C-B786-E81600E36EA1}.Release|ARM.ActiveCfg = Release|ARM
		{02D33991-4B87-4B2C-B786-E81600E36EA1}.Release|ARM.Build.0 = Release|ARM
		{02D33991-4B87-4B2C-B786-E81600E36EA1}.Release|ARM.Deploy.0 = Release|ARM
		{02D33991-4B87-4B2C-B786-E81600E36EA1}.Release|iPhone.ActiveCfg = Release|x86
		{02D33991-4B87-4B2C-B786-E81600E36EA1}.Release|iPhoneSimulator.ActiveCfg = Release|x86
		{02D33991-4B87-4B2C-B786-E81600E36EA1}.Release|x64.ActiveCfg = Release|x64
		{02D33991-4B87-4B2C-B786-E81600E36EA1}.Release|x64.Build.0 = Release|x64
		{02D33991-4B87-4B2C-B786-E81600E36EA1}.Release|x64.Deploy.0 = Release|x64
		{02D33991-4B87-4B2C-B786-E81600E36EA1}.Release|x86.ActiveCfg = Release|x86
		{02D33991-4B87-4B2C-B786-E81600E36EA1}.Release|x86.Build.0 = Release|x86
		{02D33991-4B87-4B2C-B786-E81600E36EA1}.Release|x86.Deploy.0 = Release|x86
		{CBF78EE9-F571-4641-913E-298C27264EE7}.Ad-Hoc|Any CPU.ActiveCfg = Debug|Any CPU
		{CBF78EE9-F571-4641-913E-298C27264EE7}.Ad-Hoc|Any CPU.Build.0 = Debug|Any CPU
		{CBF78EE9-F571-4641-913E-298C27264EE7}.Ad-Hoc|ARM.ActiveCfg = Debug|Any CPU
		{CBF78EE9-F571-4641-913E-298C27264EE7}.Ad-Hoc|ARM.Build.0 = Debug|Any CPU
		{CBF78EE9-F571-4641-913E-298C27264EE7}.Ad-Hoc|iPhone.ActiveCfg = Debug|Any CPU
		{CBF78EE9-F571-4641-913E-298C27264EE7}.Ad-Hoc|iPhone.Build.0 = Debug|Any CPU
		{CBF78EE9-F571-4641-913E-298C27264EE7}.Ad-Hoc|iPhoneSimulator.ActiveCfg = Debug|Any CPU
		{CBF78EE9-F571-4641-913E-298C27264EE7}.Ad-Hoc|iPhoneSimulator.Build.0 = Debug|Any CPU
		{CBF78EE9-F571-4641-913E-298C27264EE7}.Ad-Hoc|x64.ActiveCfg = Debug|Any CPU
		{CBF78EE9-F571-4641-913E-298C27264EE7}.Ad-Hoc|x64.Build.0 = Debug|Any CPU
		{CBF78EE9-F571-4641-913E-298C27264EE7}.Ad-Hoc|x86.ActiveCfg = Debug|Any CPU
		{CBF78EE9-F571-4641-913E-298C27264EE7}.Ad-Hoc|x86.Build.0 = Debug|Any CPU
		{CBF78EE9-F571-4641-913E-298C27264EE7}.AppStore|Any CPU.ActiveCfg = Debug|Any CPU
		{CBF78EE9-F571-4641-913E-298C27264EE7}.AppStore|Any CPU.Build.0 = Debug|Any CPU
		{CBF78EE9-F571-4641-913E-298C27264EE7}.AppStore|ARM.ActiveCfg = Debug|Any CPU
		{CBF78EE9-F571-4641-913E-298C27264EE7}.AppStore|ARM.Build.0 = Debug|Any CPU
		{CBF78EE9-F571-4641-913E-298C27264EE7}.AppStore|iPhone.ActiveCfg = Debug|Any CPU
		{CBF78EE9-F571-4641-913E-298C27264EE7}.AppStore|iPhone.Build.0 = Debug|Any CPU
		{CBF78EE9-F571-4641-913E-298C27264EE7}.AppStore|iPhoneSimulator.ActiveCfg = Debug|Any CPU
		{CBF78EE9-F571-4641-913E-298C27264EE7}.AppStore|iPhoneSimulator.Build.0 = Debug|Any CPU
		{CBF78EE9-F571-4641-913E-298C27264EE7}.AppStore|x64.ActiveCfg = Debug|Any CPU
		{CBF78EE9-F571-4641-913E-298C27264EE7}.AppStore|x64.Build.0 = Debug|Any CPU
		{CBF78EE9-F571-4641-913E-298C27264EE7}.AppStore|x86.ActiveCfg = Debug|Any CPU
		{CBF78EE9-F571-4641-913E-298C27264EE7}.AppStore|x86.Build.0 = Debug|Any CPU
		{CBF78EE9-F571-4641-913E-298C27264EE7}.Debug|Any CPU.ActiveCfg = Debug|Any CPU
		{CBF78EE9-F571-4641-913E-298C27264EE7}.Debug|Any CPU.Build.0 = Debug|Any CPU
		{CBF78EE9-F571-4641-913E-298C27264EE7}.Debug|ARM.ActiveCfg = Debug|Any CPU
		{CBF78EE9-F571-4641-913E-298C27264EE7}.Debug|ARM.Build.0 = Debug|Any CPU
		{CBF78EE9-F571-4641-913E-298C27264EE7}.Debug|iPhone.ActiveCfg = Debug|Any CPU
		{CBF78EE9-F571-4641-913E-298C27264EE7}.Debug|iPhone.Build.0 = Debug|Any CPU
		{CBF78EE9-F571-4641-913E-298C27264EE7}.Debug|iPhoneSimulator.ActiveCfg = Debug|Any CPU
		{CBF78EE9-F571-4641-913E-298C27264EE7}.Debug|iPhoneSimulator.Build.0 = Debug|Any CPU
		{CBF78EE9-F571-4641-913E-298C27264EE7}.Debug|x64.ActiveCfg = Debug|Any CPU
		{CBF78EE9-F571-4641-913E-298C27264EE7}.Debug|x64.Build.0 = Debug|Any CPU
		{CBF78EE9-F571-4641-913E-298C27264EE7}.Debug|x86.ActiveCfg = Debug|Any CPU
		{CBF78EE9-F571-4641-913E-298C27264EE7}.Debug|x86.Build.0 = Debug|Any CPU
		{CBF78EE9-F571-4641-913E-298C27264EE7}.Release|Any CPU.ActiveCfg = Release|Any CPU
		{CBF78EE9-F571-4641-913E-298C27264EE7}.Release|Any CPU.Build.0 = Release|Any CPU
		{CBF78EE9-F571-4641-913E-298C27264EE7}.Release|ARM.ActiveCfg = Release|Any CPU
		{CBF78EE9-F571-4641-913E-298C27264EE7}.Release|ARM.Build.0 = Release|Any CPU
		{CBF78EE9-F571-4641-913E-298C27264EE7}.Release|iPhone.ActiveCfg = Release|Any CPU
		{CBF78EE9-F571-4641-913E-298C27264EE7}.Release|iPhone.Build.0 = Release|Any CPU
		{CBF78EE9-F571-4641-913E-298C27264EE7}.Release|iPhoneSimulator.ActiveCfg = Release|Any CPU
		{CBF78EE9-F571-4641-913E-298C27264EE7}.Release|iPhoneSimulator.Build.0 = Release|Any CPU
		{CBF78EE9-F571-4641-913E-298C27264EE7}.Release|x64.ActiveCfg = Release|Any CPU
		{CBF78EE9-F571-4641-913E-298C27264EE7}.Release|x64.Build.0 = Release|Any CPU
		{CBF78EE9-F571-4641-913E-298C27264EE7}.Release|x86.ActiveCfg = Release|Any CPU
		{CBF78EE9-F571-4641-913E-298C27264EE7}.Release|x86.Build.0 = Release|Any CPU
	EndGlobalSection
	GlobalSection(SolutionProperties) = preSolution
		HideSolutionNode = FALSE
	EndGlobalSection
	GlobalSection(ExtensibilityGlobals) = postSolution
		SolutionGuid = {81CC6A66-A991-4A39-8CC4-9A6DCD552877}
	EndGlobalSection
EndGlobal
